
Microsoft Visual Studio Solution File, Format Version 12.00
# Visual Studio 15
VisualStudioVersion = 15.0.26730.15
MinimumVisualStudioVersion = 10.0.40219.1
Project("{FAE04EC0-301F-11D3-BF4B-00C04F79EFBC}") = "MenuInteractivoConsola", "MenuInteractivoConsola\MenuInteractivoConsola.csproj", "{07923A39-302E-4C75-B43B-B869CB069EF3}"
EndProject
Project("{FAE04EC0-301F-11D3-BF4B-00C04F79EFBC}") = "Libreria de apoyo", "Libreria de apoyo\Libreria de apoyo.csproj", "{06B86040-D755-483C-BF24-F9E1FCFFAF1C}"
EndProject
Global
	GlobalSection(SolutionConfigurationPlatforms) = preSolution
		Debug|Any CPU = Debug|Any CPU
		Release|Any CPU = Release|Any CPU
	EndGlobalSection
	GlobalSection(ProjectConfigurationPlatforms) = postSolution
		{07923A39-302E-4C75-B43B-B869CB069EF3}.Debug|Any CPU.ActiveCfg = Debug|Any CPU
		{07923A39-302E-4C75-B43B-B869CB069EF3}.Debug|Any CPU.Build.0 = Debug|Any CPU
		{07923A39-302E-4C75-B43B-B869CB069EF3}.Release|Any CPU.ActiveCfg = Release|Any CPU
		{07923A39-302E-4C75-B43B-B869CB069EF3}.Release|Any CPU.Build.0 = Release|Any CPU
		{06B86040-D755-483C-BF24-F9E1FCFFAF1C}.Debug|Any CPU.ActiveCfg = Debug|Any CPU
		{06B86040-D755-483C-BF24-F9E1FCFFAF1C}.Debug|Any CPU.Build.0 = Debug|Any CPU
		{06B86040-D755-483C-BF24-F9E1FCFFAF1C}.Release|Any CPU.ActiveCfg = Release|Any CPU
		{06B86040-D755-483C-BF24-F9E1FCFFAF1C}.Release|Any CPU.Build.0 = Release|Any CPU
	EndGlobalSection
	GlobalSection(SolutionProperties) = preSolution
		HideSolutionNode = FALSE
	EndGlobalSection
	GlobalSection(ExtensibilityGlobals) = postSolution
		SolutionGuid = {EBA706B5-2AAA-4CC5-9B03-AB628D56F314}
	EndGlobalSection
EndGlobal
